
Microsoft Visual Studio Solution File, Format Version 12.00
# Visual Studio Version 16
VisualStudioVersion = 16.0.31205.134
MinimumVisualStudioVersion = 10.0.40219.1
Project("{FAE04EC0-301F-11D3-BF4B-00C04F79EFBC}") = "RoslynCodeAnalyzer", "RoslynCodeAnalyzer\RoslynCodeAnalyzer.csproj", "{334BC9AB-67EA-4B6E-94FC-07CC73C24EC4}"
EndProject
Global
	GlobalSection(SolutionConfigurationPlatforms) = preSolution
		Debug|Any CPU = Debug|Any CPU
		Release|Any CPU = Release|Any CPU
	EndGlobalSection
	GlobalSection(ProjectConfigurationPlatforms) = postSolution
		{334BC9AB-67EA-4B6E-94FC-07CC73C24EC4}.Debug|Any CPU.ActiveCfg = Debug|Any CPU
		{334BC9AB-67EA-4B6E-94FC-07CC73C24EC4}.Debug|Any CPU.Build.0 = Debug|Any CPU
		{334BC9AB-67EA-4B6E-94FC-07CC73C24EC4}.Release|Any CPU.ActiveCfg = Release|Any CPU
		{334BC9AB-67EA-4B6E-94FC-07CC73C24EC4}.Release|Any CPU.Build.0 = Release|Any CPU
	EndGlobalSection
	GlobalSection(SolutionProperties) = preSolution
		HideSolutionNode = FALSE
	EndGlobalSection
	GlobalSection(ExtensibilityGlobals) = postSolution
		SolutionGuid = {BE3700E6-EEA6-4870-B0C3-406DC61B56CC}
	EndGlobalSection
EndGlobal
